
Microsoft Visual Studio Solution File, Format Version 12.00
# Visual Studio Version 17
VisualStudioVersion = 17.3.32929.385
MinimumVisualStudioVersion = 10.0.40219.1
Project("{FAE04EC0-301F-11D3-BF4B-00C04F79EFBC}") = "VegetableMarket", "VegetableMarket\VegetableMarket.csproj", "{3AF8F98D-259B-4900-B58E-FB71512B55D5}"
EndProject
Global
	GlobalSection(SolutionConfigurationPlatforms) = preSolution
		Debug|Any CPU = Debug|Any CPU
		Release|Any CPU = Release|Any CPU
	EndGlobalSection
	GlobalSection(ProjectConfigurationPlatforms) = postSolution
		{3AF8F98D-259B-4900-B58E-FB71512B55D5}.Debug|Any CPU.ActiveCfg = Debug|Any CPU
		{3AF8F98D-259B-4900-B58E-FB71512B55D5}.Debug|Any CPU.Build.0 = Debug|Any CPU
		{3AF8F98D-259B-4900-B58E-FB71512B55D5}.Release|Any CPU.ActiveCfg = Release|Any CPU
		{3AF8F98D-259B-4900-B58E-FB71512B55D5}.Release|Any CPU.Build.0 = Release|Any CPU
	EndGlobalSection
	GlobalSection(SolutionProperties) = preSolution
		HideSolutionNode = FALSE
	EndGlobalSection
	GlobalSection(ExtensibilityGlobals) = postSolution
		SolutionGuid = {B9DC69F3-3816-474C-9D15-9CC9CD9DF706}
	EndGlobalSection
EndGlobal
